
Microsoft Visual Studio Solution File, Format Version 12.00
# Visual Studio 14
VisualStudioVersion = 14.0.24720.0
MinimumVisualStudioVersion = 10.0.40219.1
Project("{8BC9CEB8-8B4A-11D0-8D11-00A0C91BC942}") = "CdapOdbc", "CdapOdbc\CdapOdbc.vcxproj", "{8F9A79B2-A66C-42E6-B9CE-E2F1B75C82B6}"
EndProject
Project("{8BC9CEB8-8B4A-11D0-8D11-00A0C91BC942}") = "CdapOdbc.Tests", "CdapOdbc.Tests\CdapOdbc.Tests.vcxproj", "{35F99D77-FA1E-40DA-98BC-9506868ED18E}"
	ProjectSection(ProjectDependencies) = postProject
		{8F9A79B2-A66C-42E6-B9CE-E2F1B75C82B6} = {8F9A79B2-A66C-42E6-B9CE-E2F1B75C82B6}
	EndProjectSection
EndProject
Project("{930C7802-8A8C-48F9-8165-68863BCCD9DD}") = "CdapOdbc.setup", "CdapOdbc.setup\CdapOdbc.setup.wixproj", "{232AF8B4-F2C9-4673-9D88-6B327251F7F8}"
EndProject
Global
	GlobalSection(SolutionConfigurationPlatforms) = preSolution
		Debug|x64 = Debug|x64
		Debug|x86 = Debug|x86
		Release|x64 = Release|x64
		Release|x86 = Release|x86
	EndGlobalSection
	GlobalSection(ProjectConfigurationPlatforms) = postSolution
		{8F9A79B2-A66C-42E6-B9CE-E2F1B75C82B6}.Debug|x64.ActiveCfg = Debug|x64
		{8F9A79B2-A66C-42E6-B9CE-E2F1B75C82B6}.Debug|x64.Build.0 = Debug|x64
		{8F9A79B2-A66C-42E6-B9CE-E2F1B75C82B6}.Debug|x86.ActiveCfg = Debug|Win32
		{8F9A79B2-A66C-42E6-B9CE-E2F1B75C82B6}.Debug|x86.Build.0 = Debug|Win32
		{8F9A79B2-A66C-42E6-B9CE-E2F1B75C82B6}.Release|x64.ActiveCfg = Release|x64
		{8F9A79B2-A66C-42E6-B9CE-E2F1B75C82B6}.Release|x64.Build.0 = Release|x64
		{8F9A79B2-A66C-42E6-B9CE-E2F1B75C82B6}.Release|x86.ActiveCfg = Release|Win32
		{8F9A79B2-A66C-42E6-B9CE-E2F1B75C82B6}.Release|x86.Build.0 = Release|Win32
		{35F99D77-FA1E-40DA-98BC-9506868ED18E}.Debug|x64.ActiveCfg = Debug|x64
		{35F99D77-FA1E-40DA-98BC-9506868ED18E}.Debug|x64.Build.0 = Debug|x64
		{35F99D77-FA1E-40DA-98BC-9506868ED18E}.Debug|x86.ActiveCfg = Debug|Win32
		{35F99D77-FA1E-40DA-98BC-9506868ED18E}.Debug|x86.Build.0 = Debug|Win32
		{35F99D77-FA1E-40DA-98BC-9506868ED18E}.Release|x64.ActiveCfg = Release|x64
		{35F99D77-FA1E-40DA-98BC-9506868ED18E}.Release|x64.Build.0 = Release|x64
		{35F99D77-FA1E-40DA-98BC-9506868ED18E}.Release|x86.ActiveCfg = Release|Win32
		{35F99D77-FA1E-40DA-98BC-9506868ED18E}.Release|x86.Build.0 = Release|Win32
		{232AF8B4-F2C9-4673-9D88-6B327251F7F8}.Debug|x64.ActiveCfg = Debug|x86
		{232AF8B4-F2C9-4673-9D88-6B327251F7F8}.Debug|x86.ActiveCfg = Debug|x86
		{232AF8B4-F2C9-4673-9D88-6B327251F7F8}.Debug|x86.Build.0 = Debug|x86
		{232AF8B4-F2C9-4673-9D88-6B327251F7F8}.Release|x64.ActiveCfg = Release|x86
		{232AF8B4-F2C9-4673-9D88-6B327251F7F8}.Release|x86.ActiveCfg = Release|x86
		{232AF8B4-F2C9-4673-9D88-6B327251F7F8}.Release|x86.Build.0 = Release|x86
	EndGlobalSection
	GlobalSection(SolutionProperties) = preSolution
		HideSolutionNode = FALSE
	EndGlobalSection
EndGlobal
