<?xml version="1.0" encoding="utf-8"?>
<Project ToolsVersion="4.0" xmlns="http://schemas.microsoft.com/developer/msbuild/2003">
  <ItemGroup>
    <Filter Include="Library">
      <UniqueIdentifier>{bfa9e0b2-0ea5-4bc5-bcfe-433249ecdef8}</UniqueIdentifier>
    </Filter>
    <Filter Include="Statements\Parsers">
      <UniqueIdentifier>{b1ab6860-dce0-4980-b996-d344c5e3853f}</UniqueIdentifier>
    </Filter>
  </ItemGroup>
  <ItemGroup>
    <ClInclude Include="targetver.h">
      <Filter>Library</Filter>
    </ClInclude>
    <ClInclude Include="stdafx.h">
      <Filter>Library</Filter>
    </ClInclude>
    <ClInclude Include="core.h">
      <Filter>Library</Filter>
    </ClInclude>
    <ClInclude Include="setup.h">
      <Filter>Library</Filter>
    </ClInclude>
    <ClInclude Include="ODBCEscapeSequenceParser.h">
      <Filter>Statements\Parsers</Filter>
    </ClInclude>
    <ClInclude Include="ArgumentsParser.h">
      <Filter>Statements\Parsers</Filter>
    </ClInclude>
    <ClInclude Include="spi.h">
      <Filter>Library</Filter>
    </ClInclude>
    <ClInclude Include="ConnectionPool.h">
      <Filter>Driver</Filter>
    </ClInclude>
    <ClInclude Include="ConnectionInfo.h">
      <Filter>Driver</Filter>
    </ClInclude>
  </ItemGroup>
  <ItemGroup>
    <ClCompile Include="stdafx.cpp">
      <Filter>Library</Filter>
    </ClCompile>
    <ClCompile Include="core.cpp">
      <Filter>Library</Filter>
    </ClCompile>
    <ClCompile Include="setup.cpp">
      <Filter>Library</Filter>
    </ClCompile>
    <ClCompile Include="ODBCEscapeSequenceParser.cpp">
      <Filter>Statements\Parsers</Filter>
    </ClCompile>
    <ClCompile Include="ArgumentsParser.cpp">
      <Filter>Statements\Parsers</Filter>
    </ClCompile>
    <ClCompile Include="spi.cpp">
      <Filter>Library</Filter>
    </ClCompile>
  </ItemGroup>
  <ItemGroup>
    <None Include="CdapOdbc.def">
      <Filter>Library</Filter>
    </None>
    <None Include="packages.config" />
  </ItemGroup>
</Project>